// !$*UTF8*$!
{
	archiveVersion = 1;
	classes = {
	};
	objectVersion = 56;
	objects = {

/* Begin PBXBuildFile section */
		9F304E4C2BFB8351001FE072 /* DetailScreenView.swift in Sources */ = {isa = PBXBuildFile; fileRef = 9F304E4B2BFB8351001FE072 /* DetailScreenView.swift */; };
		9F62B2B62BFB772F00B5CB68 /* DetailsViewModel.swift in Sources */ = {isa = PBXBuildFile; fileRef = 9F62B2B52BFB772F00B5CB68 /* DetailsViewModel.swift */; };
		9F7FFC702BFBDB9100175737 /* DaysRow.swift in Sources */ = {isa = PBXBuildFile; fileRef = 9F7FFC6F2BFBDB9100175737 /* DaysRow.swift */; };
		9F7FFC722BFBE94C00175737 /* HoursRow.swift in Sources */ = {isa = PBXBuildFile; fileRef = 9F7FFC712BFBE94C00175737 /* HoursRow.swift */; };
		9F81DF512BFBF1CD00EBA960 /* HoursForecast.swift in Sources */ = {isa = PBXBuildFile; fileRef = 9F81DF502BFBF1CD00EBA960 /* HoursForecast.swift */; };
		9F9A29E32BFAB60D000FB8E9 /* ModelClass.swift in Sources */ = {isa = PBXBuildFile; fileRef = 9F9A29E22BFAB60D000FB8E9 /* ModelClass.swift */; };
		9F9A29E52BFAB6DB000FB8E9 /* NetworkManager.swift in Sources */ = {isa = PBXBuildFile; fileRef = 9F9A29E42BFAB6DB000FB8E9 /* NetworkManager.swift */; };
		9FA1B26B2BFA841900551886 /* WeatherAppSwiftUIApp.swift in Sources */ = {isa = PBXBuildFile; fileRef = 9FA1B26A2BFA841900551886 /* WeatherAppSwiftUIApp.swift */; };
		9FA1B26F2BFA841B00551886 /* Assets.xcassets in Resources */ = {isa = PBXBuildFile; fileRef = 9FA1B26E2BFA841B00551886 /* Assets.xcassets */; };
		9FA1B2722BFA841B00551886 /* Preview Assets.xcassets in Resources */ = {isa = PBXBuildFile; fileRef = 9FA1B2712BFA841B00551886 /* Preview Assets.xcassets */; };
/* End PBXBuildFile section */

/* Begin PBXFileReference section */
		9F304E4B2BFB8351001FE072 /* DetailScreenView.swift */ = {isa = PBXFileReference; lastKnownFileType = sourcecode.swift; path = DetailScreenView.swift; sourceTree = "<group>"; };
		9F62B2B52BFB772F00B5CB68 /* DetailsViewModel.swift */ = {isa = PBXFileReference; lastKnownFileType = sourcecode.swift; path = DetailsViewModel.swift; sourceTree = "<group>"; };
		9F7FFC6F2BFBDB9100175737 /* DaysRow.swift */ = {isa = PBXFileReference; lastKnownFileType = sourcecode.swift; path = DaysRow.swift; sourceTree = "<group>"; };
		9F7FFC712BFBE94C00175737 /* HoursRow.swift */ = {isa = PBXFileReference; lastKnownFileType = sourcecode.swift; path = HoursRow.swift; sourceTree = "<group>"; };
		9F81DF502BFBF1CD00EBA960 /* HoursForecast.swift */ = {isa = PBXFileReference; lastKnownFileType = sourcecode.swift; path = HoursForecast.swift; sourceTree = "<group>"; };
		9F9A29E22BFAB60D000FB8E9 /* ModelClass.swift */ = {isa = PBXFileReference; lastKnownFileType = sourcecode.swift; path = ModelClass.swift; sourceTree = "<group>"; };
		9F9A29E42BFAB6DB000FB8E9 /* NetworkManager.swift */ = {isa = PBXFileReference; lastKnownFileType = sourcecode.swift; path = NetworkManager.swift; sourceTree = "<group>"; };
		9FA1B2672BFA841900551886 /* WeatherAppSwiftUI.app */ = {isa = PBXFileReference; explicitFileType = wrapper.application; includeInIndex = 0; path = WeatherAppSwiftUI.app; sourceTree = BUILT_PRODUCTS_DIR; };
		9FA1B26A2BFA841900551886 /* WeatherAppSwiftUIApp.swift */ = {isa = PBXFileReference; lastKnownFileType = sourcecode.swift; path = WeatherAppSwiftUIApp.swift; sourceTree = "<group>"; };
		9FA1B26E2BFA841B00551886 /* Assets.xcassets */ = {isa = PBXFileReference; lastKnownFileType = folder.assetcatalog; path = Assets.xcassets; sourceTree = "<group>"; };
		9FA1B2712BFA841B00551886 /* Preview Assets.xcassets */ = {isa = PBXFileReference; lastKnownFileType = folder.assetcatalog; path = "Preview Assets.xcassets"; sourceTree = "<group>"; };
/* End PBXFileReference section */

/* Begin PBXFrameworksBuildPhase section */
		9FA1B2642BFA841900551886 /* Frameworks */ = {
			isa = PBXFrameworksBuildPhase;
			buildActionMask = 2147483647;
			files = (
			);
			runOnlyForDeploymentPostprocessing = 0;
		};
/* End PBXFrameworksBuildPhase section */

/* Begin PBXGroup section */
		9F62B2AE2BFB762500B5CB68 /* WeatherDetailsScreen */ = {
			isa = PBXGroup;
			children = (
				9F62B2B12BFB768300B5CB68 /* ViewModel */,
				9F62B2B02BFB767B00B5CB68 /* View */,
			);
			path = WeatherDetailsScreen;
			sourceTree = "<group>";
		};
		9F62B2AF2BFB766300B5CB68 /* HourlyWeatherScreen */ = {
			isa = PBXGroup;
			children = (
				9F62B2B32BFB769600B5CB68 /* ViewModel */,
				9F62B2B22BFB769000B5CB68 /* View */,
			);
			path = HourlyWeatherScreen;
			sourceTree = "<group>";
		};
		9F62B2B02BFB767B00B5CB68 /* View */ = {
			isa = PBXGroup;
			children = (
				9F304E4B2BFB8351001FE072 /* DetailScreenView.swift */,
				9F7FFC6F2BFBDB9100175737 /* DaysRow.swift */,
			);
			path = View;
			sourceTree = "<group>";
		};
		9F62B2B12BFB768300B5CB68 /* ViewModel */ = {
			isa = PBXGroup;
			children = (
				9F62B2B52BFB772F00B5CB68 /* DetailsViewModel.swift */,
			);
			path = ViewModel;
			sourceTree = "<group>";
		};
		9F62B2B22BFB769000B5CB68 /* View */ = {
			isa = PBXGroup;
			children = (
				9F7FFC712BFBE94C00175737 /* HoursRow.swift */,
				9F81DF502BFBF1CD00EBA960 /* HoursForecast.swift */,
			);
			path = View;
			sourceTree = "<group>";
		};
		9F62B2B32BFB769600B5CB68 /* ViewModel */ = {
			isa = PBXGroup;
			children = (
			);
			path = ViewModel;
			sourceTree = "<group>";
		};
		9F62B2B42BFB76CE00B5CB68 /* Model */ = {
			isa = PBXGroup;
			children = (
				9F9A29E42BFAB6DB000FB8E9 /* NetworkManager.swift */,
				9F9A29E22BFAB60D000FB8E9 /* ModelClass.swift */,
			);
			path = Model;
			sourceTree = "<group>";
		};
		9FA1B25E2BFA841900551886 = {
			isa = PBXGroup;
			children = (
				9FA1B2692BFA841900551886 /* WeatherAppSwiftUI */,
				9FA1B2682BFA841900551886 /* Products */,
			);
			sourceTree = "<group>";
		};
		9FA1B2682BFA841900551886 /* Products */ = {
			isa = PBXGroup;
			children = (
				9FA1B2672BFA841900551886 /* WeatherAppSwiftUI.app */,
			);
			name = Products;
			sourceTree = "<group>";
		};
		9FA1B2692BFA841900551886 /* WeatherAppSwiftUI */ = {
			isa = PBXGroup;
			children = (
				9F62B2AE2BFB762500B5CB68 /* WeatherDetailsScreen */,
				9F62B2AF2BFB766300B5CB68 /* HourlyWeatherScreen */,
				9F62B2B42BFB76CE00B5CB68 /* Model */,
				9FA1B26A2BFA841900551886 /* WeatherAppSwiftUIApp.swift */,
				9FA1B26E2BFA841B00551886 /* Assets.xcassets */,
				9FA1B2702BFA841B00551886 /* Preview Content */,
			);
			path = WeatherAppSwiftUI;
			sourceTree = "<group>";
		};
		9FA1B2702BFA841B00551886 /* Preview Content */ = {
			isa = PBXGroup;
			children = (
				9FA1B2712BFA841B00551886 /* Preview Assets.xcassets */,
			);
			path = "Preview Content";
			sourceTree = "<group>";
		};
/* End PBXGroup section */

/* Begin PBXNativeTarget section */
		9FA1B2662BFA841900551886 /* WeatherAppSwiftUI */ = {
			isa = PBXNativeTarget;
			buildConfigurationList = 9FA1B2752BFA841B00551886 /* Build configuration list for PBXNativeTarget "WeatherAppSwiftUI" */;
			buildPhases = (
				9FA1B2632BFA841900551886 /* Sources */,
				9FA1B2642BFA841900551886 /* Frameworks */,
				9FA1B2652BFA841900551886 /* Resources */,
			);
			buildRules = (
			);
			dependencies = (
			);
			name = WeatherAppSwiftUI;
			productName = WeatherAppSwiftUI;
			productReference = 9FA1B2672BFA841900551886 /* WeatherAppSwiftUI.app */;
			productType = "com.apple.product-type.application";
		};
/* End PBXNativeTarget section */

/* Begin PBXProject section */
		9FA1B25F2BFA841900551886 /* Project object */ = {
			isa = PBXProject;
			attributes = {
				BuildIndependentTargetsInParallel = 1;
				LastSwiftUpdateCheck = 1520;
				LastUpgradeCheck = 1520;
				TargetAttributes = {
					9FA1B2662BFA841900551886 = {
						CreatedOnToolsVersion = 15.2;
					};
				};
			};
			buildConfigurationList = 9FA1B2622BFA841900551886 /* Build configuration list for PBXProject "WeatherAppSwiftUI" */;
			compatibilityVersion = "Xcode 14.0";
			developmentRegion = en;
			hasScannedForEncodings = 0;
			knownRegions = (
				en,
				Base,
			);
			mainGroup = 9FA1B25E2BFA841900551886;
			productRefGroup = 9FA1B2682BFA841900551886 /* Products */;
			projectDirPath = "";
			projectRoot = "";
			targets = (
				9FA1B2662BFA841900551886 /* WeatherAppSwiftUI */,
			);
		};
/* End PBXProject section */

/* Begin PBXResourcesBuildPhase section */
		9FA1B2652BFA841900551886 /* Resources */ = {
			isa = PBXResourcesBuildPhase;
			buildActionMask = 2147483647;
			files = (
				9FA1B2722BFA841B00551886 /* Preview Assets.xcassets in Resources */,
				9FA1B26F2BFA841B00551886 /* Assets.xcassets in Resources */,
			);
			runOnlyForDeploymentPostprocessing = 0;
		};
/* End PBXResourcesBuildPhase section */

/* Begin PBXSourcesBuildPhase section */
		9FA1B2632BFA841900551886 /* Sources */ = {
			isa = PBXSourcesBuildPhase;
			buildActionMask = 2147483647;
			files = (
				9F9A29E52BFAB6DB000FB8E9 /* NetworkManager.swift in Sources */,
				9F7FFC702BFBDB9100175737 /* DaysRow.swift in Sources */,
				9F304E4C2BFB8351001FE072 /* DetailScreenView.swift in Sources */,
				9F9A29E32BFAB60D000FB8E9 /* ModelClass.swift in Sources */,
				9F7FFC722BFBE94C00175737 /* HoursRow.swift in Sources */,
				9F62B2B62BFB772F00B5CB68 /* DetailsViewModel.swift in Sources */,
				9F81DF512BFBF1CD00EBA960 /* HoursForecast.swift in Sources */,
				9FA1B26B2BFA841900551886 /* WeatherAppSwiftUIApp.swift in Sources */,
			);
			runOnlyForDeploymentPostprocessing = 0;
		};
/* End PBXSourcesBuildPhase section */

/* Begin XCBuildConfiguration section */
		9FA1B2732BFA841B00551886 /* Debug */ = {
			isa = XCBuildConfiguration;
			buildSettings = {
				ALWAYS_SEARCH_USER_PATHS = NO;
				ASSETCATALOG_COMPILER_GENERATE_SWIFT_ASSET_SYMBOL_EXTENSIONS = YES;
				CLANG_ANALYZER_NONNULL = YES;
				CLANG_ANALYZER_NUMBER_OBJECT_CONVERSION = YES_AGGRESSIVE;
				CLANG_CXX_LANGUAGE_STANDARD = "gnu++20";
				CLANG_ENABLE_MODULES = YES;
				CLANG_ENABLE_OBJC_ARC = YES;
				CLANG_ENABLE_OBJC_WEAK = YES;
				CLANG_WARN_BLOCK_CAPTURE_AUTORELEASING = YES;
				CLANG_WARN_BOOL_CONVERSION = YES;
				CLANG_WARN_COMMA = YES;
				CLANG_WARN_CONSTANT_CONVERSION = YES;
				CLANG_WARN_DEPRECATED_OBJC_IMPLEMENTATIONS = YES;
				CLANG_WARN_DIRECT_OBJC_ISA_USAGE = YES_ERROR;
				CLANG_WARN_DOCUMENTATION_COMMENTS = YES;
				CLANG_WARN_EMPTY_BODY = YES;
				CLANG_WARN_ENUM_CONVERSION = YES;
				CLANG_WARN_INFINITE_RECURSION = YES;
				CLANG_WARN_INT_CONVERSION = YES;
				CLANG_WARN_NON_LITERAL_NULL_CONVERSION = YES;
				CLANG_WARN_OBJC_IMPLICIT_RETAIN_SELF = YES;
				CLANG_WARN_OBJC_LITERAL_CONVERSION = YES;
				CLANG_WARN_OBJC_ROOT_CLASS = YES_ERROR;
				CLANG_WARN_QUOTED_INCLUDE_IN_FRAMEWORK_HEADER = YES;
				CLANG_WARN_RANGE_LOOP_ANALYSIS = YES;
				CLANG_WARN_STRICT_PROTOTYPES = YES;
				CLANG_WARN_SUSPICIOUS_MOVE = YES;
				CLANG_WARN_UNGUARDED_AVAILABILITY = YES_AGGRESSIVE;
				CLANG_WARN_UNREACHABLE_CODE = YES;
				CLANG_WARN__DUPLICATE_METHOD_MATCH = YES;
				COPY_PHASE_STRIP = NO;
				DEBUG_INFORMATION_FORMAT = dwarf;
				ENABLE_STRICT_OBJC_MSGSEND = YES;
				ENABLE_TESTABILITY = YES;
				ENABLE_USER_SCRIPT_SANDBOXING = YES;
				GCC_C_LANGUAGE_STANDARD = gnu17;
				GCC_DYNAMIC_NO_PIC = NO;
				GCC_NO_COMMON_BLOCKS = YES;
				GCC_OPTIMIZATION_LEVEL = 0;
				GCC_PREPROCESSOR_DEFINITIONS = (
					"DEBUG=1",
					"$(inherited)",
				);
				GCC_WARN_64_TO_32_BIT_CONVERSION = YES;
				GCC_WARN_ABOUT_RETURN_TYPE = YES_ERROR;
				GCC_WARN_UNDECLARED_SELECTOR = YES;
				GCC_WARN_UNINITIALIZED_AUTOS = YES_AGGRESSIVE;
				GCC_WARN_UNUSED_FUNCTION = YES;
				GCC_WARN_UNUSED_VARIABLE = YES;
				IPHONEOS_DEPLOYMENT_TARGET = 17.2;
				LOCALIZATION_PREFERS_STRING_CATALOGS = YES;
				MTL_ENABLE_DEBUG_INFO = INCLUDE_SOURCE;
				MTL_FAST_MATH = YES;
				ONLY_ACTIVE_ARCH = YES;
				SDKROOT = iphoneos;
				SWIFT_ACTIVE_COMPILATION_CONDITIONS = "DEBUG $(inherited)";
				SWIFT_OPTIMIZATION_LEVEL = "-Onone";
			};
			name = Debug;
		};
		9FA1B2742BFA841B00551886 /* Release */ = {
			isa = XCBuildConfiguration;
			buildSettings = {
				ALWAYS_SEARCH_USER_PATHS = NO;
				ASSETCATALOG_COMPILER_GENERATE_SWIFT_ASSET_SYMBOL_EXTENSIONS = YES;
				CLANG_ANALYZER_NONNULL = YES;
				CLANG_ANALYZER_NUMBER_OBJECT_CONVERSION = YES_AGGRESSIVE;
				CLANG_CXX_LANGUAGE_STANDARD = "gnu++20";
				CLANG_ENABLE_MODULES = YES;
				CLANG_ENABLE_OBJC_ARC = YES;
				CLANG_ENABLE_OBJC_WEAK = YES;
				CLANG_WARN_BLOCK_CAPTURE_AUTORELEASING = YES;
				CLANG_WARN_BOOL_CONVERSION = YES;
				CLANG_WARN_COMMA = YES;
				CLANG_WARN_CONSTANT_CONVERSION = YES;
				CLANG_WARN_DEPRECATED_OBJC_IMPLEMENTATIONS = YES;
				CLANG_WARN_DIRECT_OBJC_ISA_USAGE = YES_ERROR;
				CLANG_WARN_DOCUMENTATION_COMMENTS = YES;
				CLANG_WARN_EMPTY_BODY = YES;
				CLANG_WARN_ENUM_CONVERSION = YES;
				CLANG_WARN_INFINITE_RECURSION = YES;
				CLANG_WARN_INT_CONVERSION = YES;
				CLANG_WARN_NON_LITERAL_NULL_CONVERSION = YES;
				CLANG_WARN_OBJC_IMPLICIT_RETAIN_SELF = YES;
				CLANG_WARN_OBJC_LITERAL_CONVERSION = YES;
				CLANG_WARN_OBJC_ROOT_CLASS = YES_ERROR;
				CLANG_WARN_QUOTED_INCLUDE_IN_FRAMEWORK_HEADER = YES;
				CLANG_WARN_RANGE_LOOP_ANALYSIS = YES;
				CLANG_WARN_STRICT_PROTOTYPES = YES;
				CLANG_WARN_SUSPICIOUS_MOVE = YES;
				CLANG_WARN_UNGUARDED_AVAILABILITY = YES_AGGRESSIVE;
				CLANG_WARN_UNREACHABLE_CODE = YES;
				CLANG_WARN__DUPLICATE_METHOD_MATCH = YES;
				COPY_PHASE_STRIP = NO;
				DEBUG_INFORMATION_FORMAT = "dwarf-with-dsym";
				ENABLE_NS_ASSERTIONS = NO;
				ENABLE_STRICT_OBJC_MSGSEND = YES;
				ENABLE_USER_SCRIPT_SANDBOXING = YES;
				GCC_C_LANGUAGE_STANDARD = gnu17;
				GCC_NO_COMMON_BLOCKS = YES;
				GCC_WARN_64_TO_32_BIT_CONVERSION = YES;
				GCC_WARN_ABOUT_RETURN_TYPE = YES_ERROR;
				GCC_WARN_UNDECLARED_SELECTOR = YES;
				GCC_WARN_UNINITIALIZED_AUTOS = YES_AGGRESSIVE;
				GCC_WARN_UNUSED_FUNCTION = YES;
				GCC_WARN_UNUSED_VARIABLE = YES;
				IPHONEOS_DEPLOYMENT_TARGET = 17.2;
				LOCALIZATION_PREFERS_STRING_CATALOGS = YES;
				MTL_ENABLE_DEBUG_INFO = NO;
				MTL_FAST_MATH = YES;
				SDKROOT = iphoneos;
				SWIFT_COMPILATION_MODE = wholemodule;
				VALIDATE_PRODUCT = YES;
			};
			name = Release;
		};
		9FA1B2762BFA841B00551886 /* Debug */ = {
			isa = XCBuildConfiguration;
			buildSettings = {
				ASSETCATALOG_COMPILER_APPICON_NAME = AppIcon;
				ASSETCATALOG_COMPILER_GLOBAL_ACCENT_COLOR_NAME = AccentColor;
				CODE_SIGN_STYLE = Automatic;
				CURRENT_PROJECT_VERSION = 1;
				DEVELOPMENT_ASSET_PATHS = "\"WeatherAppSwiftUI/Preview Content\"";
				ENABLE_PREVIEWS = YES;
				GENERATE_INFOPLIST_FILE = YES;
				INFOPLIST_KEY_NSLocationAlwaysAndWhenInUseUsageDescription = "This App requires access to device's location";
				INFOPLIST_KEY_NSLocationWhenInUseUsageDescription = "This App requires access to device's location";
				INFOPLIST_KEY_UIApplicationSceneManifest_Generation = YES;
				INFOPLIST_KEY_UIApplicationSupportsIndirectInputEvents = YES;
				INFOPLIST_KEY_UILaunchScreen_Generation = YES;
				INFOPLIST_KEY_UISupportedInterfaceOrientations_iPad = "UIInterfaceOrientationPortrait UIInterfaceOrientationPortraitUpsideDown UIInterfaceOrientationLandscapeLeft UIInterfaceOrientationLandscapeRight";
				INFOPLIST_KEY_UISupportedInterfaceOrientations_iPhone = "UIInterfaceOrientationPortrait UIInterfaceOrientationLandscapeLeft UIInterfaceOrientationLandscapeRight";
				LD_RUNPATH_SEARCH_PATHS = (
					"$(inherited)",
					"@executable_path/Frameworks",
				);
				MARKETING_VERSION = 1.0;
				PRODUCT_BUNDLE_IDENTIFIER = ITI.WeatherAppSwiftUI;
				PRODUCT_NAME = "$(TARGET_NAME)";
				SWIFT_EMIT_LOC_STRINGS = YES;
				SWIFT_VERSION = 5.0;
				TARGETED_DEVICE_FAMILY = "1,2";
			};
			name = Debug;
		};
		9FA1B2772BFA841B00551886 /* Release */ = {
			isa = XCBuildConfiguration;
			buildSettings = {
				ASSETCATALOG_COMPILER_APPICON_NAME = AppIcon;
				ASSETCATALOG_COMPILER_GLOBAL_ACCENT_COLOR_NAME = AccentColor;
				CODE_SIGN_STYLE = Automatic;
				CURRENT_PROJECT_VERSION = 1;
				DEVELOPMENT_ASSET_PATHS = "\"WeatherAppSwiftUI/Preview Content\"";
				ENABLE_PREVIEWS = YES;
				GENERATE_INFOPLIST_FILE = YES;
				INFOPLIST_KEY_NSLocationAlwaysAndWhenInUseUsageDescription = "This App requires access to device's location";
				INFOPLIST_KEY_NSLocationWhenInUseUsageDescription = "This App requires access to device's location";
				INFOPLIST_KEY_UIApplicationSceneManifest_Generation = YES;
				INFOPLIST_KEY_UIApplicationSupportsIndirectInputEvents = YES;
				INFOPLIST_KEY_UILaunchScreen_Generation = YES;
				INFOPLIST_KEY_UISupportedInterfaceOrientations_iPad = "UIInterfaceOrientationPortrait UIInterfaceOrientationPortraitUpsideDown UIInterfaceOrientationLandscapeLeft UIInterfaceOrientationLandscapeRight";
				INFOPLIST_KEY_UISupportedInterfaceOrientations_iPhone = "UIInterfaceOrientationPortrait UIInterfaceOrientationLandscapeLeft UIInterfaceOrientationLandscapeRight";
				LD_RUNPATH_SEARCH_PATHS = (
					"$(inherited)",
					"@executable_path/Frameworks",
				);
				MARKETING_VERSION = 1.0;
				PRODUCT_BUNDLE_IDENTIFIER = ITI.WeatherAppSwiftUI;
				PRODUCT_NAME = "$(TARGET_NAME)";
				SWIFT_EMIT_LOC_STRINGS = YES;
				SWIFT_VERSION = 5.0;
				TARGETED_DEVICE_FAMILY = "1,2";
			};
			name = Release;
		};
/* End XCBuildConfiguration section */

/* Begin XCConfigurationList section */
		9FA1B2622BFA841900551886 /* Build configuration list for PBXProject "WeatherAppSwiftUI" */ = {
			isa = XCConfigurationList;
			buildConfigurations = (
				9FA1B2732BFA841B00551886 /* Debug */,
				9FA1B2742BFA841B00551886 /* Release */,
			);
			defaultConfigurationIsVisible = 0;
			defaultConfigurationName = Release;
		};
		9FA1B2752BFA841B00551886 /* Build configuration list for PBXNativeTarget "WeatherAppSwiftUI" */ = {
			isa = XCConfigurationList;
			buildConfigurations = (
				9FA1B2762BFA841B00551886 /* Debug */,
				9FA1B2772BFA841B00551886 /* Release */,
			);
			defaultConfigurationIsVisible = 0;
			defaultConfigurationName = Release;
		};
/* End XCConfigurationList section */
	};
	rootObject = 9FA1B25F2BFA841900551886 /* Project object */;
}
